// !$*UTF8*$!
{
	archiveVersion = 1;
	classes = {
	};
	objectVersion = 77;
	objects = {

/* Begin PBXBuildFile section */
		FDB0AFF72E27A3FF0029E82C /* StreamChat in Frameworks */ = {isa = PBXBuildFile; productRef = FDB0AFF62E27A3FF0029E82C /* StreamChat */; };
		FDB0AFFD2E27A3FF0029E82C /* StreamChatUI in Frameworks */ = {isa = PBXBuildFile; productRef = FDB0AFFC2E27A3FF0029E82C /* StreamChatUI */; };
		FDB0B0002E27A7EB0029E82C /* Auth0 in Frameworks */ = {isa = PBXBuildFile; productRef = FDB0AFFF2E27A7EB0029E82C /* Auth0 */; };
		FDB0B0032E27A80E0029E82C /* JWTDecode in Frameworks */ = {isa = PBXBuildFile; productRef = FDB0B0022E27A80E0029E82C /* JWTDecode */; };
		FDB0B0062E27A90F0029E82C /* OneSignalFramework in Frameworks */ = {isa = PBXBuildFile; productRef = FDB0B0052E27A90F0029E82C /* OneSignalFramework */; };
/* End PBXBuildFile section */

/* Begin PBXContainerItemProxy section */
		FDDBA1212E257F9B00E6034C /* PBXContainerItemProxy */ = {
			isa = PBXContainerItemProxy;
			containerPortal = FDDBA1092E257F9900E6034C /* Project object */;
			proxyType = 1;
			remoteGlobalIDString = FDDBA1102E257F9900E6034C;
			remoteInfo = Gym_API;
		};
		FDDBA12B2E257F9B00E6034C /* PBXContainerItemProxy */ = {
			isa = PBXContainerItemProxy;
			containerPortal = FDDBA1092E257F9900E6034C /* Project object */;
			proxyType = 1;
			remoteGlobalIDString = FDDBA1102E257F9900E6034C;
			remoteInfo = Gym_API;
		};
/* End PBXContainerItemProxy section */

/* Begin PBXFileReference section */
		FDDBA1112E257F9900E6034C /* Gym_API.app */ = {isa = PBXFileReference; explicitFileType = wrapper.application; includeInIndex = 0; path = Gym_API.app; sourceTree = BUILT_PRODUCTS_DIR; };
		FDDBA1202E257F9B00E6034C /* Gym_APITests.xctest */ = {isa = PBXFileReference; explicitFileType = wrapper.cfbundle; includeInIndex = 0; path = Gym_APITests.xctest; sourceTree = BUILT_PRODUCTS_DIR; };
		FDDBA12A2E257F9B00E6034C /* Gym_APIUITests.xctest */ = {isa = PBXFileReference; explicitFileType = wrapper.cfbundle; includeInIndex = 0; path = Gym_APIUITests.xctest; sourceTree = BUILT_PRODUCTS_DIR; };
/* End PBXFileReference section */

/* Begin PBXFileSystemSynchronizedRootGroup section */
		FDDBA1132E257F9900E6034C /* Gym_API */ = {
			isa = PBXFileSystemSynchronizedRootGroup;
			path = Gym_API;
			sourceTree = "<group>";
		};
		FDDBA1232E257F9B00E6034C /* Gym_APITests */ = {
			isa = PBXFileSystemSynchronizedRootGroup;
			path = Gym_APITests;
			sourceTree = "<group>";
		};
		FDDBA12D2E257F9B00E6034C /* Gym_APIUITests */ = {
			isa = PBXFileSystemSynchronizedRootGroup;
			path = Gym_APIUITests;
			sourceTree = "<group>";
		};
/* End PBXFileSystemSynchronizedRootGroup section */

/* Begin PBXFrameworksBuildPhase section */
		FDDBA10E2E257F9900E6034C /* Frameworks */ = {
			isa = PBXFrameworksBuildPhase;
			buildActionMask = 2147483647;
			files = (
				FDB0AFF72E27A3FF0029E82C /* StreamChat in Frameworks */,
				FDB0B0032E27A80E0029E82C /* JWTDecode in Frameworks */,
				FDB0AFFD2E27A3FF0029E82C /* StreamChatUI in Frameworks */,
				FDB0B0002E27A7EB0029E82C /* Auth0 in Frameworks */,
				FDB0B0062E27A90F0029E82C /* OneSignalFramework in Frameworks */,
			);
			runOnlyForDeploymentPostprocessing = 0;
		};
		FDDBA11D2E257F9B00E6034C /* Frameworks */ = {
			isa = PBXFrameworksBuildPhase;
			buildActionMask = 2147483647;
			files = (
			);
			runOnlyForDeploymentPostprocessing = 0;
		};
		FDDBA1272E257F9B00E6034C /* Frameworks */ = {
			isa = PBXFrameworksBuildPhase;
			buildActionMask = 2147483647;
			files = (
			);
			runOnlyForDeploymentPostprocessing = 0;
		};
/* End PBXFrameworksBuildPhase section */

/* Begin PBXGroup section */
		FDDBA1082E257F9900E6034C = {
			isa = PBXGroup;
			children = (
				FDDBA1132E257F9900E6034C /* Gym_API */,
				FDDBA1232E257F9B00E6034C /* Gym_APITests */,
				FDDBA12D2E257F9B00E6034C /* Gym_APIUITests */,
				FDDBA1122E257F9900E6034C /* Products */,
			);
			sourceTree = "<group>";
		};
		FDDBA1122E257F9900E6034C /* Products */ = {
			isa = PBXGroup;
			children = (
				FDDBA1112E257F9900E6034C /* Gym_API.app */,
				FDDBA1202E257F9B00E6034C /* Gym_APITests.xctest */,
				FDDBA12A2E257F9B00E6034C /* Gym_APIUITests.xctest */,
			);
			name = Products;
			sourceTree = "<group>";
		};
/* End PBXGroup section */

/* Begin PBXNativeTarget section */
		FDDBA1102E257F9900E6034C /* Gym_API */ = {
			isa = PBXNativeTarget;
			buildConfigurationList = FDDBA1342E257F9B00E6034C /* Build configuration list for PBXNativeTarget "Gym_API" */;
			buildPhases = (
				FDDBA10D2E257F9900E6034C /* Sources */,
				FDDBA10E2E257F9900E6034C /* Frameworks */,
				FDDBA10F2E257F9900E6034C /* Resources */,
			);
			buildRules = (
			);
			dependencies = (
			);
			fileSystemSynchronizedGroups = (
				FDDBA1132E257F9900E6034C /* Gym_API */,
			);
			name = Gym_API;
			packageProductDependencies = (
				FDB0AFF62E27A3FF0029E82C /* StreamChat */,
				FDB0AFFC2E27A3FF0029E82C /* StreamChatUI */,
				FDB0AFFF2E27A7EB0029E82C /* Auth0 */,
				FDB0B0022E27A80E0029E82C /* JWTDecode */,
				FDB0B0052E27A90F0029E82C /* OneSignalFramework */,
			);
			productName = Gym_API;
			productReference = FDDBA1112E257F9900E6034C /* Gym_API.app */;
			productType = "com.apple.product-type.application";
		};
		FDDBA11F2E257F9B00E6034C /* Gym_APITests */ = {
			isa = PBXNativeTarget;
			buildConfigurationList = FDDBA1372E257F9B00E6034C /* Build configuration list for PBXNativeTarget "Gym_APITests" */;
			buildPhases = (
				FDDBA11C2E257F9B00E6034C /* Sources */,
				FDDBA11D2E257F9B00E6034C /* Frameworks */,
				FDDBA11E2E257F9B00E6034C /* Resources */,
			);
			buildRules = (
			);
			dependencies = (
				FDDBA1222E257F9B00E6034C /* PBXTargetDependency */,
			);
			fileSystemSynchronizedGroups = (
				FDDBA1232E257F9B00E6034C /* Gym_APITests */,
			);
			name = Gym_APITests;
			packageProductDependencies = (
			);
			productName = Gym_APITests;
			productReference = FDDBA1202E257F9B00E6034C /* Gym_APITests.xctest */;
			productType = "com.apple.product-type.bundle.unit-test";
		};
		FDDBA1292E257F9B00E6034C /* Gym_APIUITests */ = {
			isa = PBXNativeTarget;
			buildConfigurationList = FDDBA13A2E257F9B00E6034C /* Build configuration list for PBXNativeTarget "Gym_APIUITests" */;
			buildPhases = (
				FDDBA1262E257F9B00E6034C /* Sources */,
				FDDBA1272E257F9B00E6034C /* Frameworks */,
				FDDBA1282E257F9B00E6034C /* Resources */,
			);
			buildRules = (
			);
			dependencies = (
				FDDBA12C2E257F9B00E6034C /* PBXTargetDependency */,
			);
			fileSystemSynchronizedGroups = (
				FDDBA12D2E257F9B00E6034C /* Gym_APIUITests */,
			);
			name = Gym_APIUITests;
			packageProductDependencies = (
			);
			productName = Gym_APIUITests;
			productReference = FDDBA12A2E257F9B00E6034C /* Gym_APIUITests.xctest */;
			productType = "com.apple.product-type.bundle.ui-testing";
		};
/* End PBXNativeTarget section */

/* Begin PBXProject section */
		FDDBA1092E257F9900E6034C /* Project object */ = {
			isa = PBXProject;
			attributes = {
				BuildIndependentTargetsInParallel = 1;
				LastSwiftUpdateCheck = 1630;
				LastUpgradeCheck = 1630;
				TargetAttributes = {
					FDDBA1102E257F9900E6034C = {
						CreatedOnToolsVersion = 16.3;
					};
					FDDBA11F2E257F9B00E6034C = {
						CreatedOnToolsVersion = 16.3;
						TestTargetID = FDDBA1102E257F9900E6034C;
					};
					FDDBA1292E257F9B00E6034C = {
						CreatedOnToolsVersion = 16.3;
						TestTargetID = FDDBA1102E257F9900E6034C;
					};
				};
			};
			buildConfigurationList = FDDBA10C2E257F9900E6034C /* Build configuration list for PBXProject "Gym_API" */;
			developmentRegion = en;
			hasScannedForEncodings = 0;
			knownRegions = (
				en,
				Base,
			);
			mainGroup = FDDBA1082E257F9900E6034C;
			minimizedProjectReferenceProxies = 1;
			packageReferences = (
				FDB0AFF52E27A3FF0029E82C /* XCRemoteSwiftPackageReference "stream-chat-swift" */,
				FDB0AFFE2E27A7EB0029E82C /* XCRemoteSwiftPackageReference "Auth0" */,
				FDB0B0012E27A80E0029E82C /* XCRemoteSwiftPackageReference "JWTDecode" */,
				FDB0B0042E27A90F0029E82C /* XCRemoteSwiftPackageReference "OneSignal-iOS-SDK" */,
			);
			preferredProjectObjectVersion = 77;
			productRefGroup = FDDBA1122E257F9900E6034C /* Products */;
			projectDirPath = "";
			projectRoot = "";
			targets = (
				FDDBA1102E257F9900E6034C /* Gym_API */,
				FDDBA11F2E257F9B00E6034C /* Gym_APITests */,
				FDDBA1292E257F9B00E6034C /* Gym_APIUITests */,
			);
		};
/* End PBXProject section */

/* Begin PBXResourcesBuildPhase section */
		FDDBA10F2E257F9900E6034C /* Resources */ = {
			isa = PBXResourcesBuildPhase;
			buildActionMask = 2147483647;
			files = (
			);
			runOnlyForDeploymentPostprocessing = 0;
		};
		FDDBA11E2E257F9B00E6034C /* Resources */ = {
			isa = PBXResourcesBuildPhase;
			buildActionMask = 2147483647;
			files = (
			);
			runOnlyForDeploymentPostprocessing = 0;
		};
		FDDBA1282E257F9B00E6034C /* Resources */ = {
			isa = PBXResourcesBuildPhase;
			buildActionMask = 2147483647;
			files = (
			);
			runOnlyForDeploymentPostprocessing = 0;
		};
/* End PBXResourcesBuildPhase section */

/* Begin PBXSourcesBuildPhase section */
		FDDBA10D2E257F9900E6034C /* Sources */ = {
			isa = PBXSourcesBuildPhase;
			buildActionMask = 2147483647;
			files = (
			);
			runOnlyForDeploymentPostprocessing = 0;
		};
		FDDBA11C2E257F9B00E6034C /* Sources */ = {
			isa = PBXSourcesBuildPhase;
			buildActionMask = 2147483647;
			files = (
			);
			runOnlyForDeploymentPostprocessing = 0;
		};
		FDDBA1262E257F9B00E6034C /* Sources */ = {
			isa = PBXSourcesBuildPhase;
			buildActionMask = 2147483647;
			files = (
			);
			runOnlyForDeploymentPostprocessing = 0;
		};
/* End PBXSourcesBuildPhase section */

/* Begin PBXTargetDependency section */
		FDDBA1222E257F9B00E6034C /* PBXTargetDependency */ = {
			isa = PBXTargetDependency;
			target = FDDBA1102E257F9900E6034C /* Gym_API */;
			targetProxy = FDDBA1212E257F9B00E6034C /* PBXContainerItemProxy */;
		};
		FDDBA12C2E257F9B00E6034C /* PBXTargetDependency */ = {
			isa = PBXTargetDependency;
			target = FDDBA1102E257F9900E6034C /* Gym_API */;
			targetProxy = FDDBA12B2E257F9B00E6034C /* PBXContainerItemProxy */;
		};
/* End PBXTargetDependency section */

/* Begin XCBuildConfiguration section */
		FDDBA1322E257F9B00E6034C /* Debug */ = {
			isa = XCBuildConfiguration;
			buildSettings = {
				ALWAYS_SEARCH_USER_PATHS = NO;
				ASSETCATALOG_COMPILER_GENERATE_SWIFT_ASSET_SYMBOL_EXTENSIONS = YES;
				CLANG_ANALYZER_NONNULL = YES;
				CLANG_ANALYZER_NUMBER_OBJECT_CONVERSION = YES_AGGRESSIVE;
				CLANG_CXX_LANGUAGE_STANDARD = "gnu++20";
				CLANG_ENABLE_MODULES = YES;
				CLANG_ENABLE_OBJC_ARC = YES;
				CLANG_ENABLE_OBJC_WEAK = YES;
				CLANG_WARN_BLOCK_CAPTURE_AUTORELEASING = YES;
				CLANG_WARN_BOOL_CONVERSION = YES;
				CLANG_WARN_COMMA = YES;
				CLANG_WARN_CONSTANT_CONVERSION = YES;
				CLANG_WARN_DEPRECATED_OBJC_IMPLEMENTATIONS = YES;
				CLANG_WARN_DIRECT_OBJC_ISA_USAGE = YES_ERROR;
				CLANG_WARN_DOCUMENTATION_COMMENTS = YES;
				CLANG_WARN_EMPTY_BODY = YES;
				CLANG_WARN_ENUM_CONVERSION = YES;
				CLANG_WARN_INFINITE_RECURSION = YES;
				CLANG_WARN_INT_CONVERSION = YES;
				CLANG_WARN_NON_LITERAL_NULL_CONVERSION = YES;
				CLANG_WARN_OBJC_IMPLICIT_RETAIN_SELF = YES;
				CLANG_WARN_OBJC_LITERAL_CONVERSION = YES;
				CLANG_WARN_OBJC_ROOT_CLASS = YES_ERROR;
				CLANG_WARN_QUOTED_INCLUDE_IN_FRAMEWORK_HEADER = YES;
				CLANG_WARN_RANGE_LOOP_ANALYSIS = YES;
				CLANG_WARN_STRICT_PROTOTYPES = YES;
				CLANG_WARN_SUSPICIOUS_MOVE = YES;
				CLANG_WARN_UNGUARDED_AVAILABILITY = YES_AGGRESSIVE;
				CLANG_WARN_UNREACHABLE_CODE = YES;
				CLANG_WARN__DUPLICATE_METHOD_MATCH = YES;
				COPY_PHASE_STRIP = NO;
				DEBUG_INFORMATION_FORMAT = dwarf;
				ENABLE_STRICT_OBJC_MSGSEND = YES;
				ENABLE_TESTABILITY = YES;
				ENABLE_USER_SCRIPT_SANDBOXING = YES;
				GCC_C_LANGUAGE_STANDARD = gnu17;
				GCC_DYNAMIC_NO_PIC = NO;
				GCC_NO_COMMON_BLOCKS = YES;
				GCC_OPTIMIZATION_LEVEL = 0;
				GCC_PREPROCESSOR_DEFINITIONS = (
					"DEBUG=1",
					"$(inherited)",
				);
				GCC_WARN_64_TO_32_BIT_CONVERSION = YES;
				GCC_WARN_ABOUT_RETURN_TYPE = YES_ERROR;
				GCC_WARN_UNDECLARED_SELECTOR = YES;
				GCC_WARN_UNINITIALIZED_AUTOS = YES_AGGRESSIVE;
				GCC_WARN_UNUSED_FUNCTION = YES;
				GCC_WARN_UNUSED_VARIABLE = YES;
				IPHONEOS_DEPLOYMENT_TARGET = 17.0;
				LOCALIZATION_PREFERS_STRING_CATALOGS = YES;
				MTL_ENABLE_DEBUG_INFO = INCLUDE_SOURCE;
				MTL_FAST_MATH = YES;
				ONLY_ACTIVE_ARCH = YES;
				SDKROOT = iphoneos;
				SWIFT_ACTIVE_COMPILATION_CONDITIONS = "DEBUG $(inherited)";
				SWIFT_OPTIMIZATION_LEVEL = "-Onone";
			};
			name = Debug;
		};
		FDDBA1332E257F9B00E6034C /* Release */ = {
			isa = XCBuildConfiguration;
			buildSettings = {
				ALWAYS_SEARCH_USER_PATHS = NO;
				ASSETCATALOG_COMPILER_GENERATE_SWIFT_ASSET_SYMBOL_EXTENSIONS = YES;
				CLANG_ANALYZER_NONNULL = YES;
				CLANG_ANALYZER_NUMBER_OBJECT_CONVERSION = YES_AGGRESSIVE;
				CLANG_CXX_LANGUAGE_STANDARD = "gnu++20";
				CLANG_ENABLE_MODULES = YES;
				CLANG_ENABLE_OBJC_ARC = YES;
				CLANG_ENABLE_OBJC_WEAK = YES;
				CLANG_WARN_BLOCK_CAPTURE_AUTORELEASING = YES;
				CLANG_WARN_BOOL_CONVERSION = YES;
				CLANG_WARN_COMMA = YES;
				CLANG_WARN_CONSTANT_CONVERSION = YES;
				CLANG_WARN_DEPRECATED_OBJC_IMPLEMENTATIONS = YES;
				CLANG_WARN_DIRECT_OBJC_ISA_USAGE = YES_ERROR;
				CLANG_WARN_DOCUMENTATION_COMMENTS = YES;
				CLANG_WARN_EMPTY_BODY = YES;
				CLANG_WARN_ENUM_CONVERSION = YES;
				CLANG_WARN_INFINITE_RECURSION = YES;
				CLANG_WARN_INT_CONVERSION = YES;
				CLANG_WARN_NON_LITERAL_NULL_CONVERSION = YES;
				CLANG_WARN_OBJC_IMPLICIT_RETAIN_SELF = YES;
				CLANG_WARN_OBJC_LITERAL_CONVERSION = YES;
				CLANG_WARN_OBJC_ROOT_CLASS = YES_ERROR;
				CLANG_WARN_QUOTED_INCLUDE_IN_FRAMEWORK_HEADER = YES;
				CLANG_WARN_RANGE_LOOP_ANALYSIS = YES;
				CLANG_WARN_STRICT_PROTOTYPES = YES;
				CLANG_WARN_SUSPICIOUS_MOVE = YES;
				CLANG_WARN_UNGUARDED_AVAILABILITY = YES_AGGRESSIVE;
				CLANG_WARN_UNREACHABLE_CODE = YES;
				CLANG_WARN__DUPLICATE_METHOD_MATCH = YES;
				COPY_PHASE_STRIP = NO;
				DEBUG_INFORMATION_FORMAT = "dwarf-with-dsym";
				ENABLE_NS_ASSERTIONS = NO;
				ENABLE_STRICT_OBJC_MSGSEND = YES;
				ENABLE_USER_SCRIPT_SANDBOXING = YES;
				GCC_C_LANGUAGE_STANDARD = gnu17;
				GCC_NO_COMMON_BLOCKS = YES;
				GCC_WARN_64_TO_32_BIT_CONVERSION = YES;
				GCC_WARN_ABOUT_RETURN_TYPE = YES_ERROR;
				GCC_WARN_UNDECLARED_SELECTOR = YES;
				GCC_WARN_UNINITIALIZED_AUTOS = YES_AGGRESSIVE;
				GCC_WARN_UNUSED_FUNCTION = YES;
				GCC_WARN_UNUSED_VARIABLE = YES;
				IPHONEOS_DEPLOYMENT_TARGET = 17.0;
				LOCALIZATION_PREFERS_STRING_CATALOGS = YES;
				MTL_ENABLE_DEBUG_INFO = NO;
				MTL_FAST_MATH = YES;
				SDKROOT = iphoneos;
				SWIFT_COMPILATION_MODE = wholemodule;
				VALIDATE_PRODUCT = YES;
			};
			name = Release;
		};
		FDDBA1352E257F9B00E6034C /* Debug */ = {
			isa = XCBuildConfiguration;
			buildSettings = {
				ASSETCATALOG_COMPILER_APPICON_NAME = AppIcon;
				ASSETCATALOG_COMPILER_GLOBAL_ACCENT_COLOR_NAME = AccentColor;
				CODE_SIGN_ENTITLEMENTS = Gym_API/Gym_API.entitlements;
				CODE_SIGN_STYLE = Automatic;
				CURRENT_PROJECT_VERSION = 1;
				DEVELOPMENT_TEAM = 3N4T4H2H2F;
				ENABLE_PREVIEWS = YES;
				GENERATE_INFOPLIST_FILE = YES;
				INFOPLIST_KEY_UIApplicationSceneManifest_Generation = YES;
				INFOPLIST_KEY_UIApplicationSupportsIndirectInputEvents = YES;
				INFOPLIST_KEY_UILaunchScreen_Generation = YES;
				INFOPLIST_KEY_UISupportedInterfaceOrientations_iPad = "UIInterfaceOrientationPortrait UIInterfaceOrientationPortraitUpsideDown UIInterfaceOrientationLandscapeLeft UIInterfaceOrientationLandscapeRight";
				INFOPLIST_KEY_UISupportedInterfaceOrientations_iPhone = "UIInterfaceOrientationPortrait UIInterfaceOrientationLandscapeLeft UIInterfaceOrientationLandscapeRight";
				LD_RUNPATH_SEARCH_PATHS = (
					"$(inherited)",
					"@executable_path/Frameworks",
				);
				MARKETING_VERSION = 1.0;
				PRODUCT_BUNDLE_IDENTIFIER = com.alexmontesino.gymapi;
				PRODUCT_NAME = "$(TARGET_NAME)";
				SWIFT_EMIT_LOC_STRINGS = YES;
				SWIFT_VERSION = 5.0;
				TARGETED_DEVICE_FAMILY = "1,2";
			};
			name = Debug;
		};
		FDDBA1362E257F9B00E6034C /* Release */ = {
			isa = XCBuildConfiguration;
			buildSettings = {
				ASSETCATALOG_COMPILER_APPICON_NAME = AppIcon;
				ASSETCATALOG_COMPILER_GLOBAL_ACCENT_COLOR_NAME = AccentColor;
				CODE_SIGN_ENTITLEMENTS = Gym_API/Gym_API.entitlements;
				CODE_SIGN_STYLE = Automatic;
				CURRENT_PROJECT_VERSION = 1;
				DEVELOPMENT_TEAM = 3N4T4H2H2F;
				ENABLE_PREVIEWS = YES;
				GENERATE_INFOPLIST_FILE = YES;
				INFOPLIST_KEY_UIApplicationSceneManifest_Generation = YES;
				INFOPLIST_KEY_UIApplicationSupportsIndirectInputEvents = YES;
				INFOPLIST_KEY_UILaunchScreen_Generation = YES;
				INFOPLIST_KEY_UISupportedInterfaceOrientations_iPad = "UIInterfaceOrientationPortrait UIInterfaceOrientationPortraitUpsideDown UIInterfaceOrientationLandscapeLeft UIInterfaceOrientationLandscapeRight";
				INFOPLIST_KEY_UISupportedInterfaceOrientations_iPhone = "UIInterfaceOrientationPortrait UIInterfaceOrientationLandscapeLeft UIInterfaceOrientationLandscapeRight";
				LD_RUNPATH_SEARCH_PATHS = (
					"$(inherited)",
					"@executable_path/Frameworks",
				);
				MARKETING_VERSION = 1.0;
				PRODUCT_BUNDLE_IDENTIFIER = com.alexmontesino.gymapi;
				PRODUCT_NAME = "$(TARGET_NAME)";
				SWIFT_EMIT_LOC_STRINGS = YES;
				SWIFT_VERSION = 5.0;
				TARGETED_DEVICE_FAMILY = "1,2";
			};
			name = Release;
		};
		FDDBA1382E257F9B00E6034C /* Debug */ = {
			isa = XCBuildConfiguration;
			buildSettings = {
				BUNDLE_LOADER = "$(TEST_HOST)";
				CODE_SIGN_STYLE = Automatic;
				CURRENT_PROJECT_VERSION = 1;
				DEVELOPMENT_TEAM = 3N4T4H2H2F;
				GENERATE_INFOPLIST_FILE = YES;
				IPHONEOS_DEPLOYMENT_TARGET = 17.0;
				MARKETING_VERSION = 1.0;
				PRODUCT_BUNDLE_IDENTIFIER = "Alex.Gym-APITests";
				PRODUCT_NAME = "$(TARGET_NAME)";
				SWIFT_EMIT_LOC_STRINGS = NO;
				SWIFT_VERSION = 5.0;
				TARGETED_DEVICE_FAMILY = "1,2";
				TEST_HOST = "$(BUILT_PRODUCTS_DIR)/Gym_API.app/$(BUNDLE_EXECUTABLE_FOLDER_PATH)/Gym_API";
			};
			name = Debug;
		};
		FDDBA1392E257F9B00E6034C /* Release */ = {
			isa = XCBuildConfiguration;
			buildSettings = {
				BUNDLE_LOADER = "$(TEST_HOST)";
				CODE_SIGN_STYLE = Automatic;
				CURRENT_PROJECT_VERSION = 1;
				DEVELOPMENT_TEAM = 3N4T4H2H2F;
				GENERATE_INFOPLIST_FILE = YES;
				IPHONEOS_DEPLOYMENT_TARGET = 17.0;
				MARKETING_VERSION = 1.0;
				PRODUCT_BUNDLE_IDENTIFIER = "Alex.Gym-APITests";
				PRODUCT_NAME = "$(TARGET_NAME)";
				SWIFT_EMIT_LOC_STRINGS = NO;
				SWIFT_VERSION = 5.0;
				TARGETED_DEVICE_FAMILY = "1,2";
				TEST_HOST = "$(BUILT_PRODUCTS_DIR)/Gym_API.app/$(BUNDLE_EXECUTABLE_FOLDER_PATH)/Gym_API";
			};
			name = Release;
		};
		FDDBA13B2E257F9B00E6034C /* Debug */ = {
			isa = XCBuildConfiguration;
			buildSettings = {
				CODE_SIGN_STYLE = Automatic;
				CURRENT_PROJECT_VERSION = 1;
				DEVELOPMENT_TEAM = 3N4T4H2H2F;
				GENERATE_INFOPLIST_FILE = YES;
				MARKETING_VERSION = 1.0;
				PRODUCT_BUNDLE_IDENTIFIER = "Alex.Gym-APIUITests";
				PRODUCT_NAME = "$(TARGET_NAME)";
				SWIFT_EMIT_LOC_STRINGS = NO;
				SWIFT_VERSION = 5.0;
				TARGETED_DEVICE_FAMILY = "1,2";
				TEST_TARGET_NAME = Gym_API;
			};
			name = Debug;
		};
		FDDBA13C2E257F9B00E6034C /* Release */ = {
			isa = XCBuildConfiguration;
			buildSettings = {
				CODE_SIGN_STYLE = Automatic;
				CURRENT_PROJECT_VERSION = 1;
				DEVELOPMENT_TEAM = 3N4T4H2H2F;
				GENERATE_INFOPLIST_FILE = YES;
				MARKETING_VERSION = 1.0;
				PRODUCT_BUNDLE_IDENTIFIER = "Alex.Gym-APIUITests";
				PRODUCT_NAME = "$(TARGET_NAME)";
				SWIFT_EMIT_LOC_STRINGS = NO;
				SWIFT_VERSION = 5.0;
				TARGETED_DEVICE_FAMILY = "1,2";
				TEST_TARGET_NAME = Gym_API;
			};
			name = Release;
		};
/* End XCBuildConfiguration section */

/* Begin XCConfigurationList section */
		FDDBA10C2E257F9900E6034C /* Build configuration list for PBXProject "Gym_API" */ = {
			isa = XCConfigurationList;
			buildConfigurations = (
				FDDBA1322E257F9B00E6034C /* Debug */,
				FDDBA1332E257F9B00E6034C /* Release */,
			);
			defaultConfigurationIsVisible = 0;
			defaultConfigurationName = Release;
		};
		FDDBA1342E257F9B00E6034C /* Build configuration list for PBXNativeTarget "Gym_API" */ = {
			isa = XCConfigurationList;
			buildConfigurations = (
				FDDBA1352E257F9B00E6034C /* Debug */,
				FDDBA1362E257F9B00E6034C /* Release */,
			);
			defaultConfigurationIsVisible = 0;
			defaultConfigurationName = Release;
		};
		FDDBA1372E257F9B00E6034C /* Build configuration list for PBXNativeTarget "Gym_APITests" */ = {
			isa = XCConfigurationList;
			buildConfigurations = (
				FDDBA1382E257F9B00E6034C /* Debug */,
				FDDBA1392E257F9B00E6034C /* Release */,
			);
			defaultConfigurationIsVisible = 0;
			defaultConfigurationName = Release;
		};
		FDDBA13A2E257F9B00E6034C /* Build configuration list for PBXNativeTarget "Gym_APIUITests" */ = {
			isa = XCConfigurationList;
			buildConfigurations = (
				FDDBA13B2E257F9B00E6034C /* Debug */,
				FDDBA13C2E257F9B00E6034C /* Release */,
			);
			defaultConfigurationIsVisible = 0;
			defaultConfigurationName = Release;
		};
/* End XCConfigurationList section */

/* Begin XCRemoteSwiftPackageReference section */
		FDB0AFF52E27A3FF0029E82C /* XCRemoteSwiftPackageReference "stream-chat-swift" */ = {
			isa = XCRemoteSwiftPackageReference;
			repositoryURL = "https://github.com/GetStream/stream-chat-swift";
			requirement = {
				kind = upToNextMajorVersion;
				minimumVersion = 4.81.0;
			};
		};
		FDB0AFFE2E27A7EB0029E82C /* XCRemoteSwiftPackageReference "Auth0" */ = {
			isa = XCRemoteSwiftPackageReference;
			repositoryURL = "https://github.com/auth0/Auth0.swift";
			requirement = {
				kind = upToNextMajorVersion;
				minimumVersion = 2.13.0;
			};
		};
		FDB0B0012E27A80E0029E82C /* XCRemoteSwiftPackageReference "JWTDecode" */ = {
			isa = XCRemoteSwiftPackageReference;
			repositoryURL = "https://github.com/auth0/JWTDecode.swift";
			requirement = {
				kind = upToNextMajorVersion;
				minimumVersion = 3.3.0;
			};
		};
		FDB0B0042E27A90F0029E82C /* XCRemoteSwiftPackageReference "OneSignal-iOS-SDK" */ = {
			isa = XCRemoteSwiftPackageReference;
			repositoryURL = "https://github.com/OneSignal/OneSignal-iOS-SDK";
			requirement = {
				kind = upToNextMajorVersion;
				minimumVersion = 5.0.0;
			};
		};
/* End XCRemoteSwiftPackageReference section */

/* Begin XCSwiftPackageProductDependency section */
		FDB0AFF62E27A3FF0029E82C /* StreamChat */ = {
			isa = XCSwiftPackageProductDependency;
			package = FDB0AFF52E27A3FF0029E82C /* XCRemoteSwiftPackageReference "stream-chat-swift" */;
			productName = StreamChat;
		};
		FDB0AFFC2E27A3FF0029E82C /* StreamChatUI */ = {
			isa = XCSwiftPackageProductDependency;
			package = FDB0AFF52E27A3FF0029E82C /* XCRemoteSwiftPackageReference "stream-chat-swift" */;
			productName = StreamChatUI;
		};
		FDB0AFFF2E27A7EB0029E82C /* Auth0 */ = {
			isa = XCSwiftPackageProductDependency;
			package = FDB0AFFE2E27A7EB0029E82C /* XCRemoteSwiftPackageReference "Auth0" */;
			productName = Auth0;
		};
		FDB0B0022E27A80E0029E82C /* JWTDecode */ = {
			isa = XCSwiftPackageProductDependency;
			package = FDB0B0012E27A80E0029E82C /* XCRemoteSwiftPackageReference "JWTDecode" */;
			productName = JWTDecode;
		};
		FDB0B0052E27A90F0029E82C /* OneSignalFramework */ = {
			isa = XCSwiftPackageProductDependency;
			package = FDB0B0042E27A90F0029E82C /* XCRemoteSwiftPackageReference "OneSignal-iOS-SDK" */;
			productName = OneSignalFramework;
		};
/* End XCSwiftPackageProductDependency section */
	};
	rootObject = FDDBA1092E257F9900E6034C /* Project object */;
}
